
Microsoft Visual Studio Solution File, Format Version 12.00
# Visual Studio Version 16
VisualStudioVersion = 16.0.36227.6
MinimumVisualStudioVersion = 10.0.40219.1
Project("{FAE04EC0-301F-11D3-BF4B-00C04F79EFBC}") = "FrameworkApiExampleV2", "FrameworkApiExampleV2\FrameworkApiExampleV2.csproj", "{66F98861-CE96-42F4-B57F-4AA15B6DCF51}"
EndProject
Global
	GlobalSection(SolutionConfigurationPlatforms) = preSolution
		Debug|Any CPU = Debug|Any CPU
		Release|Any CPU = Release|Any CPU
	EndGlobalSection
	GlobalSection(ProjectConfigurationPlatforms) = postSolution
		{66F98861-CE96-42F4-B57F-4AA15B6DCF51}.Debug|Any CPU.ActiveCfg = Debug|Any CPU
		{66F98861-CE96-42F4-B57F-4AA15B6DCF51}.Debug|Any CPU.Build.0 = Debug|Any CPU
		{66F98861-CE96-42F4-B57F-4AA15B6DCF51}.Release|Any CPU.ActiveCfg = Release|Any CPU
		{66F98861-CE96-42F4-B57F-4AA15B6DCF51}.Release|Any CPU.Build.0 = Release|Any CPU
	EndGlobalSection
	GlobalSection(SolutionProperties) = preSolution
		HideSolutionNode = FALSE
	EndGlobalSection
	GlobalSection(ExtensibilityGlobals) = postSolution
		SolutionGuid = {D79991FD-5012-4F6D-A71F-41811499CC6A}
	EndGlobalSection
EndGlobal
